
Microsoft Visual Studio Solution File, Format Version 12.00
# Visual Studio Version 17
VisualStudioVersion = 17.7.34024.191
MinimumVisualStudioVersion = 10.0.40219.1
Project("{FAE04EC0-301F-11D3-BF4B-00C04F79EFBC}") = "Vending", "Vending\Vending.csproj", "{B1040AC5-03B0-4F66-83FB-5C6FB80FF4F6}"
EndProject
Global
	GlobalSection(SolutionConfigurationPlatforms) = preSolution
		Debug|Any CPU = Debug|Any CPU
		Release|Any CPU = Release|Any CPU
	EndGlobalSection
	GlobalSection(ProjectConfigurationPlatforms) = postSolution
		{B1040AC5-03B0-4F66-83FB-5C6FB80FF4F6}.Debug|Any CPU.ActiveCfg = Debug|Any CPU
		{B1040AC5-03B0-4F66-83FB-5C6FB80FF4F6}.Debug|Any CPU.Build.0 = Debug|Any CPU
		{B1040AC5-03B0-4F66-83FB-5C6FB80FF4F6}.Release|Any CPU.ActiveCfg = Release|Any CPU
		{B1040AC5-03B0-4F66-83FB-5C6FB80FF4F6}.Release|Any CPU.Build.0 = Release|Any CPU
	EndGlobalSection
	GlobalSection(SolutionProperties) = preSolution
		HideSolutionNode = FALSE
	EndGlobalSection
	GlobalSection(ExtensibilityGlobals) = postSolution
		SolutionGuid = {574BFACA-2191-4E26-A959-744CCB2FC04B}
	EndGlobalSection
EndGlobal
